
Microsoft Visual Studio Solution File, Format Version 12.00
# Visual Studio 15
VisualStudioVersion = 15.0.27130.2027
MinimumVisualStudioVersion = 10.0.40219.1
Project("{FAE04EC0-301F-11D3-BF4B-00C04F79EFBC}") = "Example", "Example\Example.csproj", "{94194199-ED4F-4B68-B103-7134C6D06D6E}"
EndProject
Project("{FAE04EC0-301F-11D3-BF4B-00C04F79EFBC}") = "ReactiveStockSharp", "ReactiveStockSharp\ReactiveStockSharp.csproj", "{F127A075-2A4F-4A3A-A185-81F80A4BAE6B}"
EndProject
Global
	GlobalSection(SolutionConfigurationPlatforms) = preSolution
		Debug|Any CPU = Debug|Any CPU
		Release|Any CPU = Release|Any CPU
	EndGlobalSection
	GlobalSection(ProjectConfigurationPlatforms) = postSolution
		{94194199-ED4F-4B68-B103-7134C6D06D6E}.Debug|Any CPU.ActiveCfg = Debug|Any CPU
		{94194199-ED4F-4B68-B103-7134C6D06D6E}.Debug|Any CPU.Build.0 = Debug|Any CPU
		{94194199-ED4F-4B68-B103-7134C6D06D6E}.Release|Any CPU.ActiveCfg = Release|Any CPU
		{94194199-ED4F-4B68-B103-7134C6D06D6E}.Release|Any CPU.Build.0 = Release|Any CPU
		{F127A075-2A4F-4A3A-A185-81F80A4BAE6B}.Debug|Any CPU.ActiveCfg = Debug|Any CPU
		{F127A075-2A4F-4A3A-A185-81F80A4BAE6B}.Debug|Any CPU.Build.0 = Debug|Any CPU
		{F127A075-2A4F-4A3A-A185-81F80A4BAE6B}.Release|Any CPU.ActiveCfg = Release|Any CPU
		{F127A075-2A4F-4A3A-A185-81F80A4BAE6B}.Release|Any CPU.Build.0 = Release|Any CPU
	EndGlobalSection
	GlobalSection(SolutionProperties) = preSolution
		HideSolutionNode = FALSE
	EndGlobalSection
	GlobalSection(ExtensibilityGlobals) = postSolution
		SolutionGuid = {3D0AFCC6-C606-4936-83EA-D1B2405A0FA2}
	EndGlobalSection
EndGlobal
